
Microsoft Visual Studio Solution File, Format Version 12.00
# Visual Studio Version 16
VisualStudioVersion = 16.0.31313.79
MinimumVisualStudioVersion = 10.0.40219.1
Project("{FAE04EC0-301F-11D3-BF4B-00C04F79EFBC}") = "BookLibraryProject", "BookLibraryProject.csproj", "{115A0E5D-292F-4E05-BEC5-6DB642B1417A}"
EndProject
Global
	GlobalSection(SolutionConfigurationPlatforms) = preSolution
		Debug|Any CPU = Debug|Any CPU
		Release|Any CPU = Release|Any CPU
	EndGlobalSection
	GlobalSection(ProjectConfigurationPlatforms) = postSolution
		{115A0E5D-292F-4E05-BEC5-6DB642B1417A}.Debug|Any CPU.ActiveCfg = Debug|Any CPU
		{115A0E5D-292F-4E05-BEC5-6DB642B1417A}.Debug|Any CPU.Build.0 = Debug|Any CPU
		{115A0E5D-292F-4E05-BEC5-6DB642B1417A}.Release|Any CPU.ActiveCfg = Release|Any CPU
		{115A0E5D-292F-4E05-BEC5-6DB642B1417A}.Release|Any CPU.Build.0 = Release|Any CPU
	EndGlobalSection
	GlobalSection(SolutionProperties) = preSolution
		HideSolutionNode = FALSE
	EndGlobalSection
	GlobalSection(ExtensibilityGlobals) = postSolution
		SolutionGuid = {6E44ED59-3CEE-4057-81BE-197A49D1D183}
	EndGlobalSection
EndGlobal
